<?xml version="1.0" encoding="utf-8"?>
<Project ToolsVersion="4.0" xmlns="http://schemas.microsoft.com/developer/msbuild/2003">
  <ItemGroup>
    <Filter Include="Source Files">
      <UniqueIdentifier>{4FC737F1-C7A5-4376-A066-2A32D752A2FF}</UniqueIdentifier>
      <Extensions>qml;cpp;c;cc;cxx;def;odl;idl;hpj;bat;asm;asmx</Extensions>
    </Filter>
    <Filter Include="Header Files">
      <UniqueIdentifier>{93995380-89BD-4b04-88EB-625FBE52EBFB}</UniqueIdentifier>
      <Extensions>h;hh;hpp;hxx;hm;inl;inc;xsd</Extensions>
    </Filter>
    <Filter Include="Resource Files">
      <UniqueIdentifier>{67DA6AB6-F800-4c08-8B7A-83BB121AAD01}</UniqueIdentifier>
      <Extensions>qrc;rc;ico;cur;bmp;dlg;rc2;rct;bin;rgs;gif;jpg;jpeg;jpe;resx;tiff;tif;png;wav;mfcribbon-ms</Extensions>
    </Filter>
    <Filter Include="Form Files">
      <UniqueIdentifier>{99349809-55BA-4b9d-BF79-8FDBB0286EB3}</UniqueIdentifier>
      <Extensions>ui</Extensions>
    </Filter>
    <Filter Include="Translation Files">
      <UniqueIdentifier>{639EADAA-A684-42e4-A9AD-28FC9BCB8F7C}</UniqueIdentifier>
      <Extensions>ts</Extensions>
    </Filter>
  </ItemGroup>
  <ItemGroup>
    <QtMoc Include="applepiwin10.h">
      <Filter>Header Files</Filter>
    </QtMoc>
    <ClCompile Include="applepiwin10.cpp">
      <Filter>Source Files</Filter>
    </ClCompile>
  </ItemGroup>
  <ItemGroup>
    <ClCompile Include="..\src\main.cpp">
      <Filter>Source Files</Filter>
    </ClCompile>
    <ClCompile Include="..\src\mainwindow.cpp">
      <Filter>Source Files</Filter>
    </ClCompile>
    <ClCompile Include="..\src\about.cpp">
      <Filter>Source Files</Filter>
    </ClCompile>
    <ClCompile Include="..\src\applepi_button.cpp">
      <Filter>Source Files</Filter>
    </ClCompile>
    <ClCompile Include="..\src\bootblock.cpp">
      <Filter>Source Files</Filter>
    </ClCompile>
    <ClCompile Include="..\src\config.cpp">
      <Filter>Source Files</Filter>
    </ClCompile>
    <ClCompile Include="..\src\debugging_dumps.cpp">
      <Filter>Source Files</Filter>
    </ClCompile>
    <ClCompile Include="..\src\defs.cpp">
      <Filter>Source Files</Filter>
    </ClCompile>
    <ClCompile Include="..\src\device_roms.cpp">
      <Filter>Source Files</Filter>
    </ClCompile>
    <ClCompile Include="..\src\disassemble_memory_dialog.cpp">
      <Filter>Source Files</Filter>
    </ClCompile>
    <ClCompile Include="..\src\disassembler.cpp">
      <Filter>Source Files</Filter>
    </ClCompile>
    <ClCompile Include="..\src\mainwindow_menus.cpp">
      <Filter>Source Files</Filter>
    </ClCompile>
    <ClCompile Include="..\src\paste_to_keyboard.cpp">
      <Filter>Source Files</Filter>
    </ClCompile>
    <ClCompile Include="..\src\printer.cpp">
      <Filter>Source Files</Filter>
    </ClCompile>
    <ClCompile Include="..\src\rom_dialog.cpp">
      <Filter>Source Files</Filter>
    </ClCompile>
    <ClCompile Include="..\src\screen.cpp">
      <Filter>Source Files</Filter>
    </ClCompile>
    <ClCompile Include="..\src\traptrace.cpp">
      <Filter>Source Files</Filter>
    </ClCompile>
    <ClCompile Include="..\src\usleep.cpp">
      <Filter>Source Files</Filter>
    </ClCompile>
    <ClCompile Include="..\src\view_memory.cpp">
      <Filter>Source Files</Filter>
    </ClCompile>
    <ClCompile Include="..\src\volume_dial.cpp">
      <Filter>Source Files</Filter>
    </ClCompile>
    <ClCompile Include="..\src\xpm_40column_chars_enhanced.cpp">
      <Filter>Source Files</Filter>
    </ClCompile>
    <ClCompile Include="..\src\xpm_40column_chars_IIe.cpp">
      <Filter>Source Files</Filter>
    </ClCompile>
    <ClCompile Include="..\src\xpm_40column_chars_IIplus.cpp">
      <Filter>Source Files</Filter>
    </ClCompile>
    <ClCompile Include="..\src\xpm_40column_chars_mono.cpp">
      <Filter>Source Files</Filter>
    </ClCompile>
    <ClCompile Include="..\src\xpm_40column_mousetext.cpp">
      <Filter>Source Files</Filter>
    </ClCompile>
    <ClCompile Include="..\src\xpm_80column_chars_enhanced.cpp">
      <Filter>Source Files</Filter>
    </ClCompile>
    <ClCompile Include="..\src\xpm_80column_chars_mono.cpp">
      <Filter>Source Files</Filter>
    </ClCompile>
    <ClCompile Include="..\src\xpm_80column_charsIIe.cpp">
      <Filter>Source Files</Filter>
    </ClCompile>
    <ClCompile Include="..\src\xpm_80column_mousetext.cpp">
      <Filter>Source Files</Filter>
    </ClCompile>
    <ClCompile Include="..\src\xpm_hires.cpp">
      <Filter>Source Files</Filter>
    </ClCompile>
    <ClCompile Include="..\src\xpm_leds.cpp">
      <Filter>Source Files</Filter>
    </ClCompile>
    <ClCompile Include="..\src\xpm_printer_pins.cpp">
      <Filter>Source Files</Filter>
    </ClCompile>
    <ClCompile Include="..\src\xpm_redapple.cpp">
      <Filter>Source Files</Filter>
    </ClCompile>
    <ClCompile Include="..\src\floppy_controller.cpp">
      <Filter>Source Files</Filter>
    </ClCompile>
    <ClCompile Include="..\src\machine.cpp">
      <Filter>Source Files</Filter>
    </ClCompile>
    <ClCompile Include="..\src\apple2_mouse.cpp">
      <Filter>Source Files</Filter>
    </ClCompile>
    <ClCompile Include="..\src\win-speaker.cpp">
      <Filter>Source Files</Filter>
    </ClCompile>
    <ClCompile Include="..\src\gamepad.cpp">
      <Filter>Source Files</Filter>
    </ClCompile>
    <ClCompile Include="..\src\gamepad_dialog.cpp">
      <Filter>Source Files</Filter>
    </ClCompile>
    <ClCompile Include="..\src\hd_controller.cpp">
      <Filter>Source Files</Filter>
    </ClCompile>
    <ClCompile Include="..\src\hd_dialog.cpp">
      <Filter>Source Files</Filter>
    </ClCompile>
    <ClCompile Include="..\src\floppy_dialog.cpp">
      <Filter>Source Files</Filter>
    </ClCompile>
    <ClCompile Include="..\src\help.cpp">
      <Filter>Source Files</Filter>
    </ClCompile>
    <ClCompile Include="..\src\watchaddr.cpp">
      <Filter>Source Files</Filter>
    </ClCompile>
    <ClCompile Include="..\qrc_resources.cpp">
      <Filter>Source Files</Filter>
    </ClCompile>
    <ClCompile Include="..\src\fetch.cpp">
      <Filter>Source Files</Filter>
    </ClCompile>
    <ClCompile Include="..\src\store.cpp">
      <Filter>Source Files</Filter>
    </ClCompile>
  </ItemGroup>
  <ItemGroup>
    <ClInclude Include="..\src\about.h">
      <Filter>Header Files</Filter>
    </ClInclude>
    <ClInclude Include="..\src\apple2_mouse.h">
      <Filter>Header Files</Filter>
    </ClInclude>
    <ClInclude Include="..\src\applepi_button.h">
      <Filter>Header Files</Filter>
    </ClInclude>
    <ClInclude Include="..\src\bootblock.h">
      <Filter>Header Files</Filter>
    </ClInclude>
    <ClInclude Include="..\src\config.h">
      <Filter>Header Files</Filter>
    </ClInclude>
    <ClInclude Include="..\src\debugging_dumps.h">
      <Filter>Header Files</Filter>
    </ClInclude>
    <ClInclude Include="..\src\defs.h">
      <Filter>Header Files</Filter>
    </ClInclude>
    <ClInclude Include="..\src\device_roms.h">
      <Filter>Header Files</Filter>
    </ClInclude>
    <ClInclude Include="..\src\disassemble.h">
      <Filter>Header Files</Filter>
    </ClInclude>
    <ClInclude Include="..\src\disassemble_memory_dialog.h">
      <Filter>Header Files</Filter>
    </ClInclude>
    <ClInclude Include="..\src\disassembler.h">
      <Filter>Header Files</Filter>
    </ClInclude>
    <ClInclude Include="..\src\floppy_controller.h">
      <Filter>Header Files</Filter>
    </ClInclude>
    <ClInclude Include="..\src\floppy_dialog.h">
      <Filter>Header Files</Filter>
    </ClInclude>
    <ClInclude Include="..\src\gamepad.h">
      <Filter>Header Files</Filter>
    </ClInclude>
    <ClInclude Include="..\src\gamepad_dialog.h">
      <Filter>Header Files</Filter>
    </ClInclude>
    <ClInclude Include="..\src\hd_controller.h">
      <Filter>Header Files</Filter>
    </ClInclude>
    <ClInclude Include="..\src\hd_dialog.h">
      <Filter>Header Files</Filter>
    </ClInclude>
    <ClInclude Include="..\src\help.h">
      <Filter>Header Files</Filter>
    </ClInclude>
    <ClInclude Include="..\src\machine.h">
      <Filter>Header Files</Filter>
    </ClInclude>
    <ClInclude Include="..\src\mainwindow.h">
      <Filter>Header Files</Filter>
    </ClInclude>
    <ClInclude Include="..\src\mainwindow_menus.h">
      <Filter>Header Files</Filter>
    </ClInclude>
    <ClInclude Include="..\src\paste_to_keyboard.h">
      <Filter>Header Files</Filter>
    </ClInclude>
    <ClInclude Include="..\src\printer.h">
      <Filter>Header Files</Filter>
    </ClInclude>
    <ClInclude Include="..\src\rom_apple2.h">
      <Filter>Header Files</Filter>
    </ClInclude>
    <ClInclude Include="..\src\rom_apple2e.h">
      <Filter>Header Files</Filter>
    </ClInclude>
    <ClInclude Include="..\src\rom_apple2e_enhanced.h">
      <Filter>Header Files</Filter>
    </ClInclude>
    <ClInclude Include="..\src\rom_apple2plus.h">
      <Filter>Header Files</Filter>
    </ClInclude>
    <ClInclude Include="..\src\rom_dialog.h">
      <Filter>Header Files</Filter>
    </ClInclude>
    <ClInclude Include="..\src\screen.h">
      <Filter>Header Files</Filter>
    </ClInclude>
    <ClInclude Include="..\src\serial_card.h">
      <Filter>Header Files</Filter>
    </ClInclude>
    <ClInclude Include="..\src\sound-recal.h">
      <Filter>Header Files</Filter>
    </ClInclude>
    <ClInclude Include="..\src\sound-step.h">
      <Filter>Header Files</Filter>
    </ClInclude>
    <ClInclude Include="..\src\tape.h">
      <Filter>Header Files</Filter>
    </ClInclude>
    <ClInclude Include="..\src\tape_dialog.h">
      <Filter>Header Files</Filter>
    </ClInclude>
    <ClInclude Include="..\src\traptrace.h">
      <Filter>Header Files</Filter>
    </ClInclude>
    <ClInclude Include="..\src\usleep.h">
      <Filter>Header Files</Filter>
    </ClInclude>
    <ClInclude Include="..\src\version.h">
      <Filter>Header Files</Filter>
    </ClInclude>
    <ClInclude Include="..\src\view_memory.h">
      <Filter>Header Files</Filter>
    </ClInclude>
    <ClInclude Include="..\src\volume_dial.h">
      <Filter>Header Files</Filter>
    </ClInclude>
    <ClInclude Include="..\src\wav_step1.h">
      <Filter>Header Files</Filter>
    </ClInclude>
    <ClInclude Include="..\src\win-speaker.h">
      <Filter>Header Files</Filter>
    </ClInclude>
    <ClInclude Include="..\src\xpm_images.h">
      <Filter>Header Files</Filter>
    </ClInclude>
    <ClInclude Include="..\src\watchaddr.h">
      <Filter>Header Files</Filter>
    </ClInclude>
  </ItemGroup>
  <ItemGroup>
    <QtRcc Include="..\resources.qrc">
      <Filter>Source Files</Filter>
    </QtRcc>
  </ItemGroup>
</Project>